
Microsoft Visual Studio Solution File, Format Version 12.00
# Visual Studio Version 17
VisualStudioVersion = 17.2.32602.215
MinimumVisualStudioVersion = 10.0.40219.1
Project("{FAE04EC0-301F-11D3-BF4B-00C04F79EFBC}") = "WebApiUnitTesting", "WebApiUnitTesting\WebApiUnitTesting.csproj", "{F9865AE4-1AB2-42F6-88F5-CBDCAF5D9544}"
EndProject
Project("{FAE04EC0-301F-11D3-BF4B-00C04F79EFBC}") = "WebApiUnitTesting.Tests", "WebApiUnitTesting.Tests\WebApiUnitTesting.Tests.csproj", "{6C150973-6BA8-4262-AEE4-B6AE3154EBC8}"
EndProject
Global
	GlobalSection(SolutionConfigurationPlatforms) = preSolution
		Debug|Any CPU = Debug|Any CPU
		Release|Any CPU = Release|Any CPU
	EndGlobalSection
	GlobalSection(ProjectConfigurationPlatforms) = postSolution
		{F9865AE4-1AB2-42F6-88F5-CBDCAF5D9544}.Debug|Any CPU.ActiveCfg = Debug|Any CPU
		{F9865AE4-1AB2-42F6-88F5-CBDCAF5D9544}.Debug|Any CPU.Build.0 = Debug|Any CPU
		{F9865AE4-1AB2-42F6-88F5-CBDCAF5D9544}.Release|Any CPU.ActiveCfg = Release|Any CPU
		{F9865AE4-1AB2-42F6-88F5-CBDCAF5D9544}.Release|Any CPU.Build.0 = Release|Any CPU
		{6C150973-6BA8-4262-AEE4-B6AE3154EBC8}.Debug|Any CPU.ActiveCfg = Debug|Any CPU
		{6C150973-6BA8-4262-AEE4-B6AE3154EBC8}.Debug|Any CPU.Build.0 = Debug|Any CPU
		{6C150973-6BA8-4262-AEE4-B6AE3154EBC8}.Release|Any CPU.ActiveCfg = Release|Any CPU
		{6C150973-6BA8-4262-AEE4-B6AE3154EBC8}.Release|Any CPU.Build.0 = Release|Any CPU
	EndGlobalSection
	GlobalSection(SolutionProperties) = preSolution
		HideSolutionNode = FALSE
	EndGlobalSection
	GlobalSection(ExtensibilityGlobals) = postSolution
		SolutionGuid = {A93DC3AE-621D-4C45-86D0-F5EE1589890E}
	EndGlobalSection
EndGlobal
